{
  "meteor": {
    "git": "https://github.com/meteor/meteor.git",
    "branch": "master",
    "commit": "4d98d8cb4e5a95e9e98953f44c872c9332a042a3"
  },
  "dependencies": {
    "basePackages": {
      "marked": {}
    },
    "packages": {
      "marked": {
        "git": "https://github.com/chuangbo/meteor-marked.git",
        "tag": "v0.2.5",
        "commit": "e435075a3fd4bc9103cb713e8c400b54d4d704fe"
      }
    }
  }
}
