{
  "meteor": {
    "git": "https://github.com/meteor/meteor.git",
    "branch": "master",
    "commit": "405cd9e86c6336bd9aaa7a8f240bb9815dceed2d"
  },
  "dependencies": {
    "basePackages": {
      "router": {},
      "mini-pages": {},
      "mocha-web": {},
      "font-awesome": {},
      "moment": {}
    },
    "packages": {
      "router": {
        "git": "https://github.com/tmeasday/meteor-router.git",
        "tag": "v0.3.5",
        "commit": "e8e63db2411204f0a6589b74dd591babbfb2da1a"
      },
      "mini-pages": {
        "git": "https://github.com/cmather/meteor-mini-pages.git",
        "tag": "v0.3.0",
        "commit": "3de8b93dd4355ebbdcfaed7891350b349ee54815"
      },
      "mocha-web": {
        "git": "https://github.com/mad-eye/meteor-mocha-web.git",
        "tag": "v0.0.2",
        "commit": "c534e901f9e5423240ab9c2de121890999d68bbb"
      },
      "font-awesome": {
        "git": "https://github.com/nate-strauser/meteor-font-awesome.git",
        "tag": "v0.1.3",
        "commit": "e507577b97827de662866304f8b9d3d553e3912f"
      },
      "moment": {
        "git": "https://github.com/possibilities/meteor-moment.git",
        "tag": "v1.7.0",
        "commit": "c64b6ec0e714b9556f4b6643d430b868ba69d3d7"
      },
      "page-js": {
        "git": "https://github.com/tmeasday/meteor-page-js.git",
        "tag": "v1.3.5",
        "commit": "c652f795a86498aa4609ab637a694710421cb218"
      }
    }
  }
}
